
Microsoft Visual Studio Solution File, Format Version 12.00
# Visual Studio Version 16
VisualStudioVersion = 16.0.30611.23
MinimumVisualStudioVersion = 10.0.40219.1
Project("{9A19103F-16F7-4668-BE54-9A1E7A4F7556}") = "CRES.Cashflow", "CRES.Cashflow\CRES.Cashflow.csproj", "{6E714A35-BE1F-4F7B-BB83-44FCDD71D524}"
EndProject
Project("{9A19103F-16F7-4668-BE54-9A1E7A4F7556}") = "CLIClient", "CashflowClient\CLIClient.csproj", "{77CACBC6-9C31-4BCC-B1A2-3E3B0B70AEF3}"
EndProject
Project("{FAE04EC0-301F-11D3-BF4B-00C04F79EFBC}") = "WinTestCF", "WinTestCF\WinTestCF.csproj", "{58F4DEE8-1D5C-4820-8F09-31989F29E54B}"
EndProject
Project("{FAE04EC0-301F-11D3-BF4B-00C04F79EFBC}") = "CRES.Analytics", "CRES.Analytics\CRES.Analytics.csproj", "{F02A4524-3FC1-44CE-B721-0CEDC407383F}"
EndProject
Project("{FAE04EC0-301F-11D3-BF4B-00C04F79EFBC}") = "CRES.DataContract", "CRES.DataContract\CRES.DataContract.csproj", "{E2246B64-F829-4940-94BC-C3FC5B0FFD7B}"
EndProject
Global
	GlobalSection(SolutionConfigurationPlatforms) = preSolution
		Debug|Any CPU = Debug|Any CPU
		Release|Any CPU = Release|Any CPU
	EndGlobalSection
	GlobalSection(ProjectConfigurationPlatforms) = postSolution
		{6E714A35-BE1F-4F7B-BB83-44FCDD71D524}.Debug|Any CPU.ActiveCfg = Debug|Any CPU
		{6E714A35-BE1F-4F7B-BB83-44FCDD71D524}.Debug|Any CPU.Build.0 = Debug|Any CPU
		{6E714A35-BE1F-4F7B-BB83-44FCDD71D524}.Release|Any CPU.ActiveCfg = Release|Any CPU
		{6E714A35-BE1F-4F7B-BB83-44FCDD71D524}.Release|Any CPU.Build.0 = Release|Any CPU
		{77CACBC6-9C31-4BCC-B1A2-3E3B0B70AEF3}.Debug|Any CPU.ActiveCfg = Debug|Any CPU
		{77CACBC6-9C31-4BCC-B1A2-3E3B0B70AEF3}.Debug|Any CPU.Build.0 = Debug|Any CPU
		{77CACBC6-9C31-4BCC-B1A2-3E3B0B70AEF3}.Release|Any CPU.ActiveCfg = Release|Any CPU
		{77CACBC6-9C31-4BCC-B1A2-3E3B0B70AEF3}.Release|Any CPU.Build.0 = Release|Any CPU
		{58F4DEE8-1D5C-4820-8F09-31989F29E54B}.Debug|Any CPU.ActiveCfg = Debug|Any CPU
		{58F4DEE8-1D5C-4820-8F09-31989F29E54B}.Debug|Any CPU.Build.0 = Debug|Any CPU
		{58F4DEE8-1D5C-4820-8F09-31989F29E54B}.Release|Any CPU.ActiveCfg = Release|Any CPU
		{58F4DEE8-1D5C-4820-8F09-31989F29E54B}.Release|Any CPU.Build.0 = Release|Any CPU
		{F02A4524-3FC1-44CE-B721-0CEDC407383F}.Debug|Any CPU.ActiveCfg = Debug|Any CPU
		{F02A4524-3FC1-44CE-B721-0CEDC407383F}.Debug|Any CPU.Build.0 = Debug|Any CPU
		{F02A4524-3FC1-44CE-B721-0CEDC407383F}.Release|Any CPU.ActiveCfg = Release|Any CPU
		{F02A4524-3FC1-44CE-B721-0CEDC407383F}.Release|Any CPU.Build.0 = Release|Any CPU
		{E2246B64-F829-4940-94BC-C3FC5B0FFD7B}.Debug|Any CPU.ActiveCfg = Debug|Any CPU
		{E2246B64-F829-4940-94BC-C3FC5B0FFD7B}.Debug|Any CPU.Build.0 = Debug|Any CPU
		{E2246B64-F829-4940-94BC-C3FC5B0FFD7B}.Release|Any CPU.ActiveCfg = Release|Any CPU
		{E2246B64-F829-4940-94BC-C3FC5B0FFD7B}.Release|Any CPU.Build.0 = Release|Any CPU
	EndGlobalSection
	GlobalSection(SolutionProperties) = preSolution
		HideSolutionNode = FALSE
	EndGlobalSection
	GlobalSection(ExtensibilityGlobals) = postSolution
		SolutionGuid = {662F26C8-B62C-4D40-9C0C-259E79FAC6B5}
	EndGlobalSection
EndGlobal
